
Microsoft Visual Studio Solution File, Format Version 12.00
# Visual Studio Version 17
VisualStudioVersion = 17.0.31903.59
MinimumVisualStudioVersion = 10.0.40219.1
Project("{FAE04EC0-301F-11D3-BF4B-00C04F79EFBC}") = "HuePC.App", "HuePC.App\HuePC.App.csproj", "{8224F0DC-CD86-4E32-9158-93CAED5F78FB}"
EndProject
Project("{FAE04EC0-301F-11D3-BF4B-00C04F79EFBC}") = "HuePC.Core", "HuePC.Core\HuePC.Core.csproj", "{2D6FD9AF-3DF7-4183-8F64-C16E2675F81E}"
EndProject
Project("{FAE04EC0-301F-11D3-BF4B-00C04F79EFBC}") = "HuePC.Bluetooth", "HuePC.Bluetooth\HuePC.Bluetooth.csproj", "{5DA90F64-6CD8-4E91-BD2E-5EB80DB6C23B}"
EndProject
Project("{FAE04EC0-301F-11D3-BF4B-00C04F79EFBC}") = "HuePC.Infrastructure", "HuePC.Infrastructure\HuePC.Infrastructure.csproj", "{72C23CB7-CA7D-4EBF-953C-9C26DB577971}"
EndProject
Project("{FAE04EC0-301F-11D3-BF4B-00C04F79EFBC}") = "HuePC.Tests", "HuePC.Tests\HuePC.Tests.csproj", "{3F312CC1-F76B-44B0-82B5-5A7ACB6850C8}"
EndProject
Project("{FAE04EC0-301F-11D3-BF4B-00C04F79EFBC}") = "HuePC.Audio", "HuePC.Audio\HuePC.Audio.csproj", "{E69A0463-70EA-4B57-9EF9-8074D3462801}"
EndProject
Project("{FAE04EC0-301F-11D3-BF4B-00C04F79EFBC}") = "HuePC.Notifications", "HuePC.Notifications\HuePC.Notifications.csproj", "{8F60E8D0-9BCF-44FE-9E8C-90880B56EBC2}"
EndProject
Project("{FAE04EC0-301F-11D3-BF4B-00C04F79EFBC}") = "HuePC.System", "HuePC.System\HuePC.System.csproj", "{F4552FAC-ABB9-4E36-A033-3A7F74AD47A1}"
EndProject
Project("{2150E333-8FDC-42A3-9474-1A3956D46DE8}") = "tools", "tools", "{07C2787E-EAC7-C090-1BA3-A61EC2A24D84}"
EndProject
Project("{FAE04EC0-301F-11D3-BF4B-00C04F79EFBC}") = "HuePC.HardwareProbe", "tools\HuePC.HardwareProbe\HuePC.HardwareProbe.csproj", "{768AEA04-B4DA-4D79-9832-5F4A6BD7F667}"
EndProject
Global
	GlobalSection(SolutionConfigurationPlatforms) = preSolution
		Debug|Any CPU = Debug|Any CPU
		Debug|x64 = Debug|x64
		Debug|x86 = Debug|x86
		Release|Any CPU = Release|Any CPU
		Release|x64 = Release|x64
		Release|x86 = Release|x86
	EndGlobalSection
	GlobalSection(ProjectConfigurationPlatforms) = postSolution
		{8224F0DC-CD86-4E32-9158-93CAED5F78FB}.Debug|Any CPU.ActiveCfg = Debug|Any CPU
		{8224F0DC-CD86-4E32-9158-93CAED5F78FB}.Debug|Any CPU.Build.0 = Debug|Any CPU
		{8224F0DC-CD86-4E32-9158-93CAED5F78FB}.Debug|x64.ActiveCfg = Debug|Any CPU
		{8224F0DC-CD86-4E32-9158-93CAED5F78FB}.Debug|x64.Build.0 = Debug|Any CPU
		{8224F0DC-CD86-4E32-9158-93CAED5F78FB}.Debug|x86.ActiveCfg = Debug|Any CPU
		{8224F0DC-CD86-4E32-9158-93CAED5F78FB}.Debug|x86.Build.0 = Debug|Any CPU
		{8224F0DC-CD86-4E32-9158-93CAED5F78FB}.Release|Any CPU.ActiveCfg = Release|Any CPU
		{8224F0DC-CD86-4E32-9158-93CAED5F78FB}.Release|Any CPU.Build.0 = Release|Any CPU
		{8224F0DC-CD86-4E32-9158-93CAED5F78FB}.Release|x64.ActiveCfg = Release|Any CPU
		{8224F0DC-CD86-4E32-9158-93CAED5F78FB}.Release|x64.Build.0 = Release|Any CPU
		{8224F0DC-CD86-4E32-9158-93CAED5F78FB}.Release|x86.ActiveCfg = Release|Any CPU
		{8224F0DC-CD86-4E32-9158-93CAED5F78FB}.Release|x86.Build.0 = Release|Any CPU
		{2D6FD9AF-3DF7-4183-8F64-C16E2675F81E}.Debug|Any CPU.ActiveCfg = Debug|Any CPU
		{2D6FD9AF-3DF7-4183-8F64-C16E2675F81E}.Debug|Any CPU.Build.0 = Debug|Any CPU
		{2D6FD9AF-3DF7-4183-8F64-C16E2675F81E}.Debug|x64.ActiveCfg = Debug|Any CPU
		{2D6FD9AF-3DF7-4183-8F64-C16E2675F81E}.Debug|x64.Build.0 = Debug|Any CPU
		{2D6FD9AF-3DF7-4183-8F64-C16E2675F81E}.Debug|x86.ActiveCfg = Debug|Any CPU
		{2D6FD9AF-3DF7-4183-8F64-C16E2675F81E}.Debug|x86.Build.0 = Debug|Any CPU
		{2D6FD9AF-3DF7-4183-8F64-C16E2675F81E}.Release|Any CPU.ActiveCfg = Release|Any CPU
		{2D6FD9AF-3DF7-4183-8F64-C16E2675F81E}.Release|Any CPU.Build.0 = Release|Any CPU
		{2D6FD9AF-3DF7-4183-8F64-C16E2675F81E}.Release|x64.ActiveCfg = Release|Any CPU
		{2D6FD9AF-3DF7-4183-8F64-C16E2675F81E}.Release|x64.Build.0 = Release|Any CPU
		{2D6FD9AF-3DF7-4183-8F64-C16E2675F81E}.Release|x86.ActiveCfg = Release|Any CPU
		{2D6FD9AF-3DF7-4183-8F64-C16E2675F81E}.Release|x86.Build.0 = Release|Any CPU
		{5DA90F64-6CD8-4E91-BD2E-5EB80DB6C23B}.Debug|Any CPU.ActiveCfg = Debug|Any CPU
		{5DA90F64-6CD8-4E91-BD2E-5EB80DB6C23B}.Debug|Any CPU.Build.0 = Debug|Any CPU
		{5DA90F64-6CD8-4E91-BD2E-5EB80DB6C23B}.Debug|x64.ActiveCfg = Debug|Any CPU
		{5DA90F64-6CD8-4E91-BD2E-5EB80DB6C23B}.Debug|x64.Build.0 = Debug|Any CPU
		{5DA90F64-6CD8-4E91-BD2E-5EB80DB6C23B}.Debug|x86.ActiveCfg = Debug|Any CPU
		{5DA90F64-6CD8-4E91-BD2E-5EB80DB6C23B}.Debug|x86.Build.0 = Debug|Any CPU
		{5DA90F64-6CD8-4E91-BD2E-5EB80DB6C23B}.Release|Any CPU.ActiveCfg = Release|Any CPU
		{5DA90F64-6CD8-4E91-BD2E-5EB80DB6C23B}.Release|Any CPU.Build.0 = Release|Any CPU
		{5DA90F64-6CD8-4E91-BD2E-5EB80DB6C23B}.Release|x64.ActiveCfg = Release|Any CPU
		{5DA90F64-6CD8-4E91-BD2E-5EB80DB6C23B}.Release|x64.Build.0 = Release|Any CPU
		{5DA90F64-6CD8-4E91-BD2E-5EB80DB6C23B}.Release|x86.ActiveCfg = Release|Any CPU
		{5DA90F64-6CD8-4E91-BD2E-5EB80DB6C23B}.Release|x86.Build.0 = Release|Any CPU
		{72C23CB7-CA7D-4EBF-953C-9C26DB577971}.Debug|Any CPU.ActiveCfg = Debug|Any CPU
		{72C23CB7-CA7D-4EBF-953C-9C26DB577971}.Debug|Any CPU.Build.0 = Debug|Any CPU
		{72C23CB7-CA7D-4EBF-953C-9C26DB577971}.Debug|x64.ActiveCfg = Debug|Any CPU
		{72C23CB7-CA7D-4EBF-953C-9C26DB577971}.Debug|x64.Build.0 = Debug|Any CPU
		{72C23CB7-CA7D-4EBF-953C-9C26DB577971}.Debug|x86.ActiveCfg = Debug|Any CPU
		{72C23CB7-CA7D-4EBF-953C-9C26DB577971}.Debug|x86.Build.0 = Debug|Any CPU
		{72C23CB7-CA7D-4EBF-953C-9C26DB577971}.Release|Any CPU.ActiveCfg = Release|Any CPU
		{72C23CB7-CA7D-4EBF-953C-9C26DB577971}.Release|Any CPU.Build.0 = Release|Any CPU
		{72C23CB7-CA7D-4EBF-953C-9C26DB577971}.Release|x64.ActiveCfg = Release|Any CPU
		{72C23CB7-CA7D-4EBF-953C-9C26DB577971}.Release|x64.Build.0 = Release|Any CPU
		{72C23CB7-CA7D-4EBF-953C-9C26DB577971}.Release|x86.ActiveCfg = Release|Any CPU
		{72C23CB7-CA7D-4EBF-953C-9C26DB577971}.Release|x86.Build.0 = Release|Any CPU
		{3F312CC1-F76B-44B0-82B5-5A7ACB6850C8}.Debug|Any CPU.ActiveCfg = Debug|Any CPU
		{3F312CC1-F76B-44B0-82B5-5A7ACB6850C8}.Debug|Any CPU.Build.0 = Debug|Any CPU
		{3F312CC1-F76B-44B0-82B5-5A7ACB6850C8}.Debug|x64.ActiveCfg = Debug|Any CPU
		{3F312CC1-F76B-44B0-82B5-5A7ACB6850C8}.Debug|x64.Build.0 = Debug|Any CPU
		{3F312CC1-F76B-44B0-82B5-5A7ACB6850C8}.Debug|x86.ActiveCfg = Debug|Any CPU
		{3F312CC1-F76B-44B0-82B5-5A7ACB6850C8}.Debug|x86.Build.0 = Debug|Any CPU
		{3F312CC1-F76B-44B0-82B5-5A7ACB6850C8}.Release|Any CPU.ActiveCfg = Release|Any CPU
		{3F312CC1-F76B-44B0-82B5-5A7ACB6850C8}.Release|Any CPU.Build.0 = Release|Any CPU
		{3F312CC1-F76B-44B0-82B5-5A7ACB6850C8}.Release|x64.ActiveCfg = Release|Any CPU
		{3F312CC1-F76B-44B0-82B5-5A7ACB6850C8}.Release|x64.Build.0 = Release|Any CPU
		{3F312CC1-F76B-44B0-82B5-5A7ACB6850C8}.Release|x86.ActiveCfg = Release|Any CPU
		{3F312CC1-F76B-44B0-82B5-5A7ACB6850C8}.Release|x86.Build.0 = Release|Any CPU
		{E69A0463-70EA-4B57-9EF9-8074D3462801}.Debug|Any CPU.ActiveCfg = Debug|Any CPU
		{E69A0463-70EA-4B57-9EF9-8074D3462801}.Debug|Any CPU.Build.0 = Debug|Any CPU
		{E69A0463-70EA-4B57-9EF9-8074D3462801}.Debug|x64.ActiveCfg = Debug|Any CPU
		{E69A0463-70EA-4B57-9EF9-8074D3462801}.Debug|x64.Build.0 = Debug|Any CPU
		{E69A0463-70EA-4B57-9EF9-8074D3462801}.Debug|x86.ActiveCfg = Debug|Any CPU
		{E69A0463-70EA-4B57-9EF9-8074D3462801}.Debug|x86.Build.0 = Debug|Any CPU
		{E69A0463-70EA-4B57-9EF9-8074D3462801}.Release|Any CPU.ActiveCfg = Release|Any CPU
		{E69A0463-70EA-4B57-9EF9-8074D3462801}.Release|Any CPU.Build.0 = Release|Any CPU
		{E69A0463-70EA-4B57-9EF9-8074D3462801}.Release|x64.ActiveCfg = Release|Any CPU
		{E69A0463-70EA-4B57-9EF9-8074D3462801}.Release|x64.Build.0 = Release|Any CPU
		{E69A0463-70EA-4B57-9EF9-8074D3462801}.Release|x86.ActiveCfg = Release|Any CPU
		{E69A0463-70EA-4B57-9EF9-8074D3462801}.Release|x86.Build.0 = Release|Any CPU
		{8F60E8D0-9BCF-44FE-9E8C-90880B56EBC2}.Debug|Any CPU.ActiveCfg = Debug|Any CPU
		{8F60E8D0-9BCF-44FE-9E8C-90880B56EBC2}.Debug|Any CPU.Build.0 = Debug|Any CPU
		{8F60E8D0-9BCF-44FE-9E8C-90880B56EBC2}.Debug|x64.ActiveCfg = Debug|Any CPU
		{8F60E8D0-9BCF-44FE-9E8C-90880B56EBC2}.Debug|x64.Build.0 = Debug|Any CPU
		{8F60E8D0-9BCF-44FE-9E8C-90880B56EBC2}.Debug|x86.ActiveCfg = Debug|Any CPU
		{8F60E8D0-9BCF-44FE-9E8C-90880B56EBC2}.Debug|x86.Build.0 = Debug|Any CPU
		{8F60E8D0-9BCF-44FE-9E8C-90880B56EBC2}.Release|Any CPU.ActiveCfg = Release|Any CPU
		{8F60E8D0-9BCF-44FE-9E8C-90880B56EBC2}.Release|Any CPU.Build.0 = Release|Any CPU
		{8F60E8D0-9BCF-44FE-9E8C-90880B56EBC2}.Release|x64.ActiveCfg = Release|Any CPU
		{8F60E8D0-9BCF-44FE-9E8C-90880B56EBC2}.Release|x64.Build.0 = Release|Any CPU
		{8F60E8D0-9BCF-44FE-9E8C-90880B56EBC2}.Release|x86.ActiveCfg = Release|Any CPU
		{8F60E8D0-9BCF-44FE-9E8C-90880B56EBC2}.Release|x86.Build.0 = Release|Any CPU
		{F4552FAC-ABB9-4E36-A033-3A7F74AD47A1}.Debug|Any CPU.ActiveCfg = Debug|Any CPU
		{F4552FAC-ABB9-4E36-A033-3A7F74AD47A1}.Debug|Any CPU.Build.0 = Debug|Any CPU
		{F4552FAC-ABB9-4E36-A033-3A7F74AD47A1}.Debug|x64.ActiveCfg = Debug|Any CPU
		{F4552FAC-ABB9-4E36-A033-3A7F74AD47A1}.Debug|x64.Build.0 = Debug|Any CPU
		{F4552FAC-ABB9-4E36-A033-3A7F74AD47A1}.Debug|x86.ActiveCfg = Debug|Any CPU
		{F4552FAC-ABB9-4E36-A033-3A7F74AD47A1}.Debug|x86.Build.0 = Debug|Any CPU
		{F4552FAC-ABB9-4E36-A033-3A7F74AD47A1}.Release|Any CPU.ActiveCfg = Release|Any CPU
		{F4552FAC-ABB9-4E36-A033-3A7F74AD47A1}.Release|Any CPU.Build.0 = Release|Any CPU
		{F4552FAC-ABB9-4E36-A033-3A7F74AD47A1}.Release|x64.ActiveCfg = Release|Any CPU
		{F4552FAC-ABB9-4E36-A033-3A7F74AD47A1}.Release|x64.Build.0 = Release|Any CPU
		{F4552FAC-ABB9-4E36-A033-3A7F74AD47A1}.Release|x86.ActiveCfg = Release|Any CPU
		{F4552FAC-ABB9-4E36-A033-3A7F74AD47A1}.Release|x86.Build.0 = Release|Any CPU
		{768AEA04-B4DA-4D79-9832-5F4A6BD7F667}.Debug|Any CPU.ActiveCfg = Debug|Any CPU
		{768AEA04-B4DA-4D79-9832-5F4A6BD7F667}.Debug|Any CPU.Build.0 = Debug|Any CPU
		{768AEA04-B4DA-4D79-9832-5F4A6BD7F667}.Debug|x64.ActiveCfg = Debug|Any CPU
		{768AEA04-B4DA-4D79-9832-5F4A6BD7F667}.Debug|x64.Build.0 = Debug|Any CPU
		{768AEA04-B4DA-4D79-9832-5F4A6BD7F667}.Debug|x86.ActiveCfg = Debug|Any CPU
		{768AEA04-B4DA-4D79-9832-5F4A6BD7F667}.Debug|x86.Build.0 = Debug|Any CPU
		{768AEA04-B4DA-4D79-9832-5F4A6BD7F667}.Release|Any CPU.ActiveCfg = Release|Any CPU
		{768AEA04-B4DA-4D79-9832-5F4A6BD7F667}.Release|Any CPU.Build.0 = Release|Any CPU
		{768AEA04-B4DA-4D79-9832-5F4A6BD7F667}.Release|x64.ActiveCfg = Release|Any CPU
		{768AEA04-B4DA-4D79-9832-5F4A6BD7F667}.Release|x64.Build.0 = Release|Any CPU
		{768AEA04-B4DA-4D79-9832-5F4A6BD7F667}.Release|x86.ActiveCfg = Release|Any CPU
		{768AEA04-B4DA-4D79-9832-5F4A6BD7F667}.Release|x86.Build.0 = Release|Any CPU
	EndGlobalSection
	GlobalSection(SolutionProperties) = preSolution
		HideSolutionNode = FALSE
	EndGlobalSection
	GlobalSection(NestedProjects) = preSolution
		{768AEA04-B4DA-4D79-9832-5F4A6BD7F667} = {07C2787E-EAC7-C090-1BA3-A61EC2A24D84}
	EndGlobalSection
EndGlobal
